// !$*UTF8*$!
{
	archiveVersion = 1;
	classes = {
	};
	objectVersion = 51;
	objects = {

/* Begin PBXBuildFile section */
		C004C8739604112DBE289906 /* Pods_CinemaApp.framework in Frameworks */ = {isa = PBXBuildFile; fileRef = 79437FB9063898867F24D68B /* Pods_CinemaApp.framework */; };
		FAA41081247EAAA30039C4D9 /* AppDelegate.swift in Sources */ = {isa = PBXBuildFile; fileRef = FAA41080247EAAA30039C4D9 /* AppDelegate.swift */; };
		FAA41085247EAAA30039C4D9 /* FilmsGalleryViewController.swift in Sources */ = {isa = PBXBuildFile; fileRef = FAA41084247EAAA30039C4D9 /* FilmsGalleryViewController.swift */; };
		FAA4108A247EAAA40039C4D9 /* Assets.xcassets in Resources */ = {isa = PBXBuildFile; fileRef = FAA41089247EAAA40039C4D9 /* Assets.xcassets */; };
		FAA4108D247EAAA40039C4D9 /* LaunchScreen.storyboard in Resources */ = {isa = PBXBuildFile; fileRef = FAA4108B247EAAA40039C4D9 /* LaunchScreen.storyboard */; };
		FAA41095247EAEC10039C4D9 /* NavigationController.swift in Sources */ = {isa = PBXBuildFile; fileRef = FAA41094247EAEC10039C4D9 /* NavigationController.swift */; };
		FAA41098247F03BF0039C4D9 /* Movie.swift in Sources */ = {isa = PBXBuildFile; fileRef = FAA41097247F03BF0039C4D9 /* Movie.swift */; };
		FAA4109A247F068B0039C4D9 /* Variable.swift in Sources */ = {isa = PBXBuildFile; fileRef = FAA41099247F068B0039C4D9 /* Variable.swift */; };
		FAA4109C247F06C60039C4D9 /* AppStore.swift in Sources */ = {isa = PBXBuildFile; fileRef = FAA4109B247F06C60039C4D9 /* AppStore.swift */; };
		FAA4109E247F0FF30039C4D9 /* MovieService.swift in Sources */ = {isa = PBXBuildFile; fileRef = FAA4109D247F0FF30039C4D9 /* MovieService.swift */; };
		FAA410A0247F14D70039C4D9 /* Colors.swift in Sources */ = {isa = PBXBuildFile; fileRef = FAA4109F247F14D70039C4D9 /* Colors.swift */; };
		FAA410A2247F22AA0039C4D9 /* MovieInfoView.swift in Sources */ = {isa = PBXBuildFile; fileRef = FAA410A1247F22AA0039C4D9 /* MovieInfoView.swift */; };
		FAA410A52481B2500039C4D9 /* AnimatorViewController.swift in Sources */ = {isa = PBXBuildFile; fileRef = FAA410A42481B2500039C4D9 /* AnimatorViewController.swift */; };
		FAD819BD2482F006003E811A /* Animator2ViewController.swift in Sources */ = {isa = PBXBuildFile; fileRef = FAD819BC2482F006003E811A /* Animator2ViewController.swift */; };
		FAD819BF2483EDC8003E811A /* CinemaHallViewController.swift in Sources */ = {isa = PBXBuildFile; fileRef = FAD819BE2483EDC8003E811A /* CinemaHallViewController.swift */; };
		FAD819C1248557A0003E811A /* CinemaHallView.swift in Sources */ = {isa = PBXBuildFile; fileRef = FAD819C0248557A0003E811A /* CinemaHallView.swift */; };
		FAD819C42485AC58003E811A /* SeatButton.swift in Sources */ = {isa = PBXBuildFile; fileRef = FAD819C32485AC58003E811A /* SeatButton.swift */; };
		FAD819C62485B19D003E811A /* MoviesGallery.xcassets in Resources */ = {isa = PBXBuildFile; fileRef = FAD819C52485B19D003E811A /* MoviesGallery.xcassets */; };
		FAD819C82485B2FB003E811A /* GalleryCellView.swift in Sources */ = {isa = PBXBuildFile; fileRef = FAD819C72485B2FB003E811A /* GalleryCellView.swift */; };
		FAD819CB2486785D003E811A /* ScreenshotCell.swift in Sources */ = {isa = PBXBuildFile; fileRef = FAD819CA2486785D003E811A /* ScreenshotCell.swift */; };
/* End PBXBuildFile section */

/* Begin PBXFileReference section */
		79437FB9063898867F24D68B /* Pods_CinemaApp.framework */ = {isa = PBXFileReference; explicitFileType = wrapper.framework; includeInIndex = 0; path = Pods_CinemaApp.framework; sourceTree = BUILT_PRODUCTS_DIR; };
		7F28A4416C17B0D4F040B144 /* Pods-CinemaApp.release.xcconfig */ = {isa = PBXFileReference; includeInIndex = 1; lastKnownFileType = text.xcconfig; name = "Pods-CinemaApp.release.xcconfig"; path = "Target Support Files/Pods-CinemaApp/Pods-CinemaApp.release.xcconfig"; sourceTree = "<group>"; };
		83E0132550B6C050CFF2E8CA /* Pods-CinemaApp.debug.xcconfig */ = {isa = PBXFileReference; includeInIndex = 1; lastKnownFileType = text.xcconfig; name = "Pods-CinemaApp.debug.xcconfig"; path = "Target Support Files/Pods-CinemaApp/Pods-CinemaApp.debug.xcconfig"; sourceTree = "<group>"; };
		FAA4107D247EAAA30039C4D9 /* CinemaApp.app */ = {isa = PBXFileReference; explicitFileType = wrapper.application; includeInIndex = 0; path = CinemaApp.app; sourceTree = BUILT_PRODUCTS_DIR; };
		FAA41080247EAAA30039C4D9 /* AppDelegate.swift */ = {isa = PBXFileReference; lastKnownFileType = sourcecode.swift; path = AppDelegate.swift; sourceTree = "<group>"; };
		FAA41084247EAAA30039C4D9 /* FilmsGalleryViewController.swift */ = {isa = PBXFileReference; lastKnownFileType = sourcecode.swift; path = FilmsGalleryViewController.swift; sourceTree = "<group>"; };
		FAA41089247EAAA40039C4D9 /* Assets.xcassets */ = {isa = PBXFileReference; lastKnownFileType = folder.assetcatalog; path = Assets.xcassets; sourceTree = "<group>"; };
		FAA4108C247EAAA40039C4D9 /* Base */ = {isa = PBXFileReference; lastKnownFileType = file.storyboard; name = Base; path = Base.lproj/LaunchScreen.storyboard; sourceTree = "<group>"; };
		FAA4108E247EAAA40039C4D9 /* Info.plist */ = {isa = PBXFileReference; lastKnownFileType = text.plist.xml; path = Info.plist; sourceTree = "<group>"; };
		FAA41094247EAEC10039C4D9 /* NavigationController.swift */ = {isa = PBXFileReference; lastKnownFileType = sourcecode.swift; path = NavigationController.swift; sourceTree = "<group>"; };
		FAA41097247F03BF0039C4D9 /* Movie.swift */ = {isa = PBXFileReference; lastKnownFileType = sourcecode.swift; path = Movie.swift; sourceTree = "<group>"; };
		FAA41099247F068B0039C4D9 /* Variable.swift */ = {isa = PBXFileReference; lastKnownFileType = sourcecode.swift; path = Variable.swift; sourceTree = "<group>"; };
		FAA4109B247F06C60039C4D9 /* AppStore.swift */ = {isa = PBXFileReference; lastKnownFileType = sourcecode.swift; path = AppStore.swift; sourceTree = "<group>"; };
		FAA4109D247F0FF30039C4D9 /* MovieService.swift */ = {isa = PBXFileReference; lastKnownFileType = sourcecode.swift; path = MovieService.swift; sourceTree = "<group>"; };
		FAA4109F247F14D70039C4D9 /* Colors.swift */ = {isa = PBXFileReference; lastKnownFileType = sourcecode.swift; path = Colors.swift; sourceTree = "<group>"; };
		FAA410A1247F22AA0039C4D9 /* MovieInfoView.swift */ = {isa = PBXFileReference; lastKnownFileType = sourcecode.swift; path = MovieInfoView.swift; sourceTree = "<group>"; };
		FAA410A42481B2500039C4D9 /* AnimatorViewController.swift */ = {isa = PBXFileReference; lastKnownFileType = sourcecode.swift; path = AnimatorViewController.swift; sourceTree = "<group>"; };
		FAD819BC2482F006003E811A /* Animator2ViewController.swift */ = {isa = PBXFileReference; lastKnownFileType = sourcecode.swift; path = Animator2ViewController.swift; sourceTree = "<group>"; };
		FAD819BE2483EDC8003E811A /* CinemaHallViewController.swift */ = {isa = PBXFileReference; lastKnownFileType = sourcecode.swift; path = CinemaHallViewController.swift; sourceTree = "<group>"; };
		FAD819C0248557A0003E811A /* CinemaHallView.swift */ = {isa = PBXFileReference; lastKnownFileType = sourcecode.swift; path = CinemaHallView.swift; sourceTree = "<group>"; };
		FAD819C32485AC58003E811A /* SeatButton.swift */ = {isa = PBXFileReference; lastKnownFileType = sourcecode.swift; path = SeatButton.swift; sourceTree = "<group>"; };
		FAD819C52485B19D003E811A /* MoviesGallery.xcassets */ = {isa = PBXFileReference; lastKnownFileType = folder.assetcatalog; path = MoviesGallery.xcassets; sourceTree = "<group>"; };
		FAD819C72485B2FB003E811A /* GalleryCellView.swift */ = {isa = PBXFileReference; lastKnownFileType = sourcecode.swift; path = GalleryCellView.swift; sourceTree = "<group>"; };
		FAD819CA2486785D003E811A /* ScreenshotCell.swift */ = {isa = PBXFileReference; lastKnownFileType = sourcecode.swift; path = ScreenshotCell.swift; sourceTree = "<group>"; };
/* End PBXFileReference section */

/* Begin PBXFrameworksBuildPhase section */
		FAA4107A247EAAA30039C4D9 /* Frameworks */ = {
			isa = PBXFrameworksBuildPhase;
			buildActionMask = 2147483647;
			files = (
				C004C8739604112DBE289906 /* Pods_CinemaApp.framework in Frameworks */,
			);
			runOnlyForDeploymentPostprocessing = 0;
		};
/* End PBXFrameworksBuildPhase section */

/* Begin PBXGroup section */
		2CF86FF15206420C0BD68BBB /* Pods */ = {
			isa = PBXGroup;
			children = (
				83E0132550B6C050CFF2E8CA /* Pods-CinemaApp.debug.xcconfig */,
				7F28A4416C17B0D4F040B144 /* Pods-CinemaApp.release.xcconfig */,
			);
			path = Pods;
			sourceTree = "<group>";
		};
		FAA41074247EAAA30039C4D9 = {
			isa = PBXGroup;
			children = (
				FAA4107F247EAAA30039C4D9 /* CinemaApp */,
				FAA4107E247EAAA30039C4D9 /* Products */,
				2CF86FF15206420C0BD68BBB /* Pods */,
				FF4CCFE3C2C770748CCD375F /* Frameworks */,
			);
			sourceTree = "<group>";
		};
		FAA4107E247EAAA30039C4D9 /* Products */ = {
			isa = PBXGroup;
			children = (
				FAA4107D247EAAA30039C4D9 /* CinemaApp.app */,
			);
			name = Products;
			sourceTree = "<group>";
		};
		FAA4107F247EAAA30039C4D9 /* CinemaApp */ = {
			isa = PBXGroup;
			children = (
				FAD819C22485AA7B003E811A /* 3 */,
				FAA410A32481B21E0039C4D9 /* MoviesGallery */,
				FAA41096247F03AC0039C4D9 /* Models */,
				FAA41080247EAAA30039C4D9 /* AppDelegate.swift */,
				FAA4109B247F06C60039C4D9 /* AppStore.swift */,
				FAA41094247EAEC10039C4D9 /* NavigationController.swift */,
				FAA41099247F068B0039C4D9 /* Variable.swift */,
				FAA41089247EAAA40039C4D9 /* Assets.xcassets */,
				FAA4108B247EAAA40039C4D9 /* LaunchScreen.storyboard */,
				FAA4108E247EAAA40039C4D9 /* Info.plist */,
				FAA4109D247F0FF30039C4D9 /* MovieService.swift */,
				FAA4109F247F14D70039C4D9 /* Colors.swift */,
				FAA410A42481B2500039C4D9 /* AnimatorViewController.swift */,
				FAD819BC2482F006003E811A /* Animator2ViewController.swift */,
				FAD819BE2483EDC8003E811A /* CinemaHallViewController.swift */,
				FAD819C0248557A0003E811A /* CinemaHallView.swift */,
				FAD819C32485AC58003E811A /* SeatButton.swift */,
			);
			path = CinemaApp;
			sourceTree = "<group>";
		};
		FAA41096247F03AC0039C4D9 /* Models */ = {
			isa = PBXGroup;
			children = (
				FAA41097247F03BF0039C4D9 /* Movie.swift */,
			);
			path = Models;
			sourceTree = "<group>";
		};
		FAA410A32481B21E0039C4D9 /* MoviesGallery */ = {
			isa = PBXGroup;
			children = (
				FAD819C924867739003E811A /* TopScreenCells */,
				FAA410A1247F22AA0039C4D9 /* MovieInfoView.swift */,
				FAA41084247EAAA30039C4D9 /* FilmsGalleryViewController.swift */,
				FAD819C52485B19D003E811A /* MoviesGallery.xcassets */,
				FAD819C72485B2FB003E811A /* GalleryCellView.swift */,
			);
			path = MoviesGallery;
			sourceTree = "<group>";
		};
		FAD819C22485AA7B003E811A /* 3 */ = {
			isa = PBXGroup;
			children = (
			);
			path = 3;
			sourceTree = "<group>";
		};
		FAD819C924867739003E811A /* TopScreenCells */ = {
			isa = PBXGroup;
			children = (
				FAD819CA2486785D003E811A /* ScreenshotCell.swift */,
			);
			path = TopScreenCells;
			sourceTree = "<group>";
		};
		FF4CCFE3C2C770748CCD375F /* Frameworks */ = {
			isa = PBXGroup;
			children = (
				79437FB9063898867F24D68B /* Pods_CinemaApp.framework */,
			);
			name = Frameworks;
			sourceTree = "<group>";
		};
/* End PBXGroup section */

/* Begin PBXNativeTarget section */
		FAA4107C247EAAA30039C4D9 /* CinemaApp */ = {
			isa = PBXNativeTarget;
			buildConfigurationList = FAA41091247EAAA40039C4D9 /* Build configuration list for PBXNativeTarget "CinemaApp" */;
			buildPhases = (
				F2FB64B70DB8557DFFA697C1 /* [CP] Check Pods Manifest.lock */,
				FAA41079247EAAA30039C4D9 /* Sources */,
				FAA4107A247EAAA30039C4D9 /* Frameworks */,
				FAA4107B247EAAA30039C4D9 /* Resources */,
				13DBD2A624352CC274CAC3F4 /* [CP] Embed Pods Frameworks */,
			);
			buildRules = (
			);
			dependencies = (
			);
			name = CinemaApp;
			productName = CinemaApp;
			productReference = FAA4107D247EAAA30039C4D9 /* CinemaApp.app */;
			productType = "com.apple.product-type.application";
		};
/* End PBXNativeTarget section */

/* Begin PBXProject section */
		FAA41075247EAAA30039C4D9 /* Project object */ = {
			isa = PBXProject;
			attributes = {
				LastSwiftUpdateCheck = 1120;
				LastUpgradeCheck = 1120;
				ORGANIZATIONNAME = "Kirill Khudiakov";
				TargetAttributes = {
					FAA4107C247EAAA30039C4D9 = {
						CreatedOnToolsVersion = 11.2;
					};
				};
			};
			buildConfigurationList = FAA41078247EAAA30039C4D9 /* Build configuration list for PBXProject "CinemaApp" */;
			compatibilityVersion = "Xcode 9.3";
			developmentRegion = en;
			hasScannedForEncodings = 0;
			knownRegions = (
				en,
				Base,
			);
			mainGroup = FAA41074247EAAA30039C4D9;
			productRefGroup = FAA4107E247EAAA30039C4D9 /* Products */;
			projectDirPath = "";
			projectRoot = "";
			targets = (
				FAA4107C247EAAA30039C4D9 /* CinemaApp */,
			);
		};
/* End PBXProject section */

/* Begin PBXResourcesBuildPhase section */
		FAA4107B247EAAA30039C4D9 /* Resources */ = {
			isa = PBXResourcesBuildPhase;
			buildActionMask = 2147483647;
			files = (
				FAA4108D247EAAA40039C4D9 /* LaunchScreen.storyboard in Resources */,
				FAA4108A247EAAA40039C4D9 /* Assets.xcassets in Resources */,
				FAD819C62485B19D003E811A /* MoviesGallery.xcassets in Resources */,
			);
			runOnlyForDeploymentPostprocessing = 0;
		};
/* End PBXResourcesBuildPhase section */

/* Begin PBXShellScriptBuildPhase section */
		13DBD2A624352CC274CAC3F4 /* [CP] Embed Pods Frameworks */ = {
			isa = PBXShellScriptBuildPhase;
			buildActionMask = 2147483647;
			files = (
			);
			inputFileListPaths = (
				"${PODS_ROOT}/Target Support Files/Pods-CinemaApp/Pods-CinemaApp-frameworks-${CONFIGURATION}-input-files.xcfilelist",
			);
			name = "[CP] Embed Pods Frameworks";
			outputFileListPaths = (
				"${PODS_ROOT}/Target Support Files/Pods-CinemaApp/Pods-CinemaApp-frameworks-${CONFIGURATION}-output-files.xcfilelist",
			);
			runOnlyForDeploymentPostprocessing = 0;
			shellPath = /bin/sh;
			shellScript = "\"${PODS_ROOT}/Target Support Files/Pods-CinemaApp/Pods-CinemaApp-frameworks.sh\"\n";
			showEnvVarsInLog = 0;
		};
		F2FB64B70DB8557DFFA697C1 /* [CP] Check Pods Manifest.lock */ = {
			isa = PBXShellScriptBuildPhase;
			buildActionMask = 2147483647;
			files = (
			);
			inputFileListPaths = (
			);
			inputPaths = (
				"${PODS_PODFILE_DIR_PATH}/Podfile.lock",
				"${PODS_ROOT}/Manifest.lock",
			);
			name = "[CP] Check Pods Manifest.lock";
			outputFileListPaths = (
			);
			outputPaths = (
				"$(DERIVED_FILE_DIR)/Pods-CinemaApp-checkManifestLockResult.txt",
			);
			runOnlyForDeploymentPostprocessing = 0;
			shellPath = /bin/sh;
			shellScript = "diff \"${PODS_PODFILE_DIR_PATH}/Podfile.lock\" \"${PODS_ROOT}/Manifest.lock\" > /dev/null\nif [ $? != 0 ] ; then\n    # print error to STDERR\n    echo \"error: The sandbox is not in sync with the Podfile.lock. Run 'pod install' or update your CocoaPods installation.\" >&2\n    exit 1\nfi\n# This output is used by Xcode 'outputs' to avoid re-running this script phase.\necho \"SUCCESS\" > \"${SCRIPT_OUTPUT_FILE_0}\"\n";
			showEnvVarsInLog = 0;
		};
/* End PBXShellScriptBuildPhase section */

/* Begin PBXSourcesBuildPhase section */
		FAA41079247EAAA30039C4D9 /* Sources */ = {
			isa = PBXSourcesBuildPhase;
			buildActionMask = 2147483647;
			files = (
				FAA41085247EAAA30039C4D9 /* FilmsGalleryViewController.swift in Sources */,
				FAA410A0247F14D70039C4D9 /* Colors.swift in Sources */,
				FAD819C82485B2FB003E811A /* GalleryCellView.swift in Sources */,
				FAD819C1248557A0003E811A /* CinemaHallView.swift in Sources */,
				FAD819BF2483EDC8003E811A /* CinemaHallViewController.swift in Sources */,
				FAA4109A247F068B0039C4D9 /* Variable.swift in Sources */,
				FAA41095247EAEC10039C4D9 /* NavigationController.swift in Sources */,
				FAA4109C247F06C60039C4D9 /* AppStore.swift in Sources */,
				FAD819BD2482F006003E811A /* Animator2ViewController.swift in Sources */,
				FAD819C42485AC58003E811A /* SeatButton.swift in Sources */,
				FAA410A52481B2500039C4D9 /* AnimatorViewController.swift in Sources */,
				FAA41098247F03BF0039C4D9 /* Movie.swift in Sources */,
				FAA410A2247F22AA0039C4D9 /* MovieInfoView.swift in Sources */,
				FAD819CB2486785D003E811A /* ScreenshotCell.swift in Sources */,
				FAA41081247EAAA30039C4D9 /* AppDelegate.swift in Sources */,
				FAA4109E247F0FF30039C4D9 /* MovieService.swift in Sources */,
			);
			runOnlyForDeploymentPostprocessing = 0;
		};
/* End PBXSourcesBuildPhase section */

/* Begin PBXVariantGroup section */
		FAA4108B247EAAA40039C4D9 /* LaunchScreen.storyboard */ = {
			isa = PBXVariantGroup;
			children = (
				FAA4108C247EAAA40039C4D9 /* Base */,
			);
			name = LaunchScreen.storyboard;
			sourceTree = "<group>";
		};
/* End PBXVariantGroup section */

/* Begin XCBuildConfiguration section */
		FAA4108F247EAAA40039C4D9 /* Debug */ = {
			isa = XCBuildConfiguration;
			buildSettings = {
				ALWAYS_SEARCH_USER_PATHS = NO;
				CLANG_ANALYZER_NONNULL = YES;
				CLANG_ANALYZER_NUMBER_OBJECT_CONVERSION = YES_AGGRESSIVE;
				CLANG_CXX_LANGUAGE_STANDARD = "gnu++14";
				CLANG_CXX_LIBRARY = "libc++";
				CLANG_ENABLE_MODULES = YES;
				CLANG_ENABLE_OBJC_ARC = YES;
				CLANG_ENABLE_OBJC_WEAK = YES;
				CLANG_WARN_BLOCK_CAPTURE_AUTORELEASING = YES;
				CLANG_WARN_BOOL_CONVERSION = YES;
				CLANG_WARN_COMMA = YES;
				CLANG_WARN_CONSTANT_CONVERSION = YES;
				CLANG_WARN_DEPRECATED_OBJC_IMPLEMENTATIONS = YES;
				CLANG_WARN_DIRECT_OBJC_ISA_USAGE = YES_ERROR;
				CLANG_WARN_DOCUMENTATION_COMMENTS = YES;
				CLANG_WARN_EMPTY_BODY = YES;
				CLANG_WARN_ENUM_CONVERSION = YES;
				CLANG_WARN_INFINITE_RECURSION = YES;
				CLANG_WARN_INT_CONVERSION = YES;
				CLANG_WARN_NON_LITERAL_NULL_CONVERSION = YES;
				CLANG_WARN_OBJC_IMPLICIT_RETAIN_SELF = YES;
				CLANG_WARN_OBJC_LITERAL_CONVERSION = YES;
				CLANG_WARN_OBJC_ROOT_CLASS = YES_ERROR;
				CLANG_WARN_RANGE_LOOP_ANALYSIS = YES;
				CLANG_WARN_STRICT_PROTOTYPES = YES;
				CLANG_WARN_SUSPICIOUS_MOVE = YES;
				CLANG_WARN_UNGUARDED_AVAILABILITY = YES_AGGRESSIVE;
				CLANG_WARN_UNREACHABLE_CODE = YES;
				CLANG_WARN__DUPLICATE_METHOD_MATCH = YES;
				COPY_PHASE_STRIP = NO;
				DEBUG_INFORMATION_FORMAT = dwarf;
				ENABLE_STRICT_OBJC_MSGSEND = YES;
				ENABLE_TESTABILITY = YES;
				GCC_C_LANGUAGE_STANDARD = gnu11;
				GCC_DYNAMIC_NO_PIC = NO;
				GCC_NO_COMMON_BLOCKS = YES;
				GCC_OPTIMIZATION_LEVEL = 0;
				GCC_PREPROCESSOR_DEFINITIONS = (
					"DEBUG=1",
					"$(inherited)",
				);
				GCC_WARN_64_TO_32_BIT_CONVERSION = YES;
				GCC_WARN_ABOUT_RETURN_TYPE = YES_ERROR;
				GCC_WARN_UNDECLARED_SELECTOR = YES;
				GCC_WARN_UNINITIALIZED_AUTOS = YES_AGGRESSIVE;
				GCC_WARN_UNUSED_FUNCTION = YES;
				GCC_WARN_UNUSED_VARIABLE = YES;
				IPHONEOS_DEPLOYMENT_TARGET = 13.2;
				MTL_ENABLE_DEBUG_INFO = INCLUDE_SOURCE;
				MTL_FAST_MATH = YES;
				ONLY_ACTIVE_ARCH = YES;
				SDKROOT = iphoneos;
				SWIFT_ACTIVE_COMPILATION_CONDITIONS = DEBUG;
				SWIFT_OPTIMIZATION_LEVEL = "-Onone";
			};
			name = Debug;
		};
		FAA41090247EAAA40039C4D9 /* Release */ = {
			isa = XCBuildConfiguration;
			buildSettings = {
				ALWAYS_SEARCH_USER_PATHS = NO;
				CLANG_ANALYZER_NONNULL = YES;
				CLANG_ANALYZER_NUMBER_OBJECT_CONVERSION = YES_AGGRESSIVE;
				CLANG_CXX_LANGUAGE_STANDARD = "gnu++14";
				CLANG_CXX_LIBRARY = "libc++";
				CLANG_ENABLE_MODULES = YES;
				CLANG_ENABLE_OBJC_ARC = YES;
				CLANG_ENABLE_OBJC_WEAK = YES;
				CLANG_WARN_BLOCK_CAPTURE_AUTORELEASING = YES;
				CLANG_WARN_BOOL_CONVERSION = YES;
				CLANG_WARN_COMMA = YES;
				CLANG_WARN_CONSTANT_CONVERSION = YES;
				CLANG_WARN_DEPRECATED_OBJC_IMPLEMENTATIONS = YES;
				CLANG_WARN_DIRECT_OBJC_ISA_USAGE = YES_ERROR;
				CLANG_WARN_DOCUMENTATION_COMMENTS = YES;
				CLANG_WARN_EMPTY_BODY = YES;
				CLANG_WARN_ENUM_CONVERSION = YES;
				CLANG_WARN_INFINITE_RECURSION = YES;
				CLANG_WARN_INT_CONVERSION = YES;
				CLANG_WARN_NON_LITERAL_NULL_CONVERSION = YES;
				CLANG_WARN_OBJC_IMPLICIT_RETAIN_SELF = YES;
				CLANG_WARN_OBJC_LITERAL_CONVERSION = YES;
				CLANG_WARN_OBJC_ROOT_CLASS = YES_ERROR;
				CLANG_WARN_RANGE_LOOP_ANALYSIS = YES;
				CLANG_WARN_STRICT_PROTOTYPES = YES;
				CLANG_WARN_SUSPICIOUS_MOVE = YES;
				CLANG_WARN_UNGUARDED_AVAILABILITY = YES_AGGRESSIVE;
				CLANG_WARN_UNREACHABLE_CODE = YES;
				CLANG_WARN__DUPLICATE_METHOD_MATCH = YES;
				COPY_PHASE_STRIP = NO;
				DEBUG_INFORMATION_FORMAT = "dwarf-with-dsym";
				ENABLE_NS_ASSERTIONS = NO;
				ENABLE_STRICT_OBJC_MSGSEND = YES;
				GCC_C_LANGUAGE_STANDARD = gnu11;
				GCC_NO_COMMON_BLOCKS = YES;
				GCC_WARN_64_TO_32_BIT_CONVERSION = YES;
				GCC_WARN_ABOUT_RETURN_TYPE = YES_ERROR;
				GCC_WARN_UNDECLARED_SELECTOR = YES;
				GCC_WARN_UNINITIALIZED_AUTOS = YES_AGGRESSIVE;
				GCC_WARN_UNUSED_FUNCTION = YES;
				GCC_WARN_UNUSED_VARIABLE = YES;
				IPHONEOS_DEPLOYMENT_TARGET = 13.2;
				MTL_ENABLE_DEBUG_INFO = NO;
				MTL_FAST_MATH = YES;
				SDKROOT = iphoneos;
				SWIFT_COMPILATION_MODE = wholemodule;
				SWIFT_OPTIMIZATION_LEVEL = "-O";
				VALIDATE_PRODUCT = YES;
			};
			name = Release;
		};
		FAA41092247EAAA40039C4D9 /* Debug */ = {
			isa = XCBuildConfiguration;
			baseConfigurationReference = 83E0132550B6C050CFF2E8CA /* Pods-CinemaApp.debug.xcconfig */;
			buildSettings = {
				ASSETCATALOG_COMPILER_APPICON_NAME = AppIcon;
				CODE_SIGN_STYLE = Automatic;
				DEVELOPMENT_TEAM = RF42FG352F;
				INFOPLIST_FILE = CinemaApp/Info.plist;
				LD_RUNPATH_SEARCH_PATHS = (
					"$(inherited)",
					"@executable_path/Frameworks",
				);
				PRODUCT_BUNDLE_IDENTIFIER = adeveloper.CinemaApp;
				PRODUCT_NAME = "$(TARGET_NAME)";
				SWIFT_VERSION = 5.0;
				TARGETED_DEVICE_FAMILY = "1,2";
			};
			name = Debug;
		};
		FAA41093247EAAA40039C4D9 /* Release */ = {
			isa = XCBuildConfiguration;
			baseConfigurationReference = 7F28A4416C17B0D4F040B144 /* Pods-CinemaApp.release.xcconfig */;
			buildSettings = {
				ASSETCATALOG_COMPILER_APPICON_NAME = AppIcon;
				CODE_SIGN_STYLE = Automatic;
				DEVELOPMENT_TEAM = RF42FG352F;
				INFOPLIST_FILE = CinemaApp/Info.plist;
				LD_RUNPATH_SEARCH_PATHS = (
					"$(inherited)",
					"@executable_path/Frameworks",
				);
				PRODUCT_BUNDLE_IDENTIFIER = adeveloper.CinemaApp;
				PRODUCT_NAME = "$(TARGET_NAME)";
				SWIFT_VERSION = 5.0;
				TARGETED_DEVICE_FAMILY = "1,2";
			};
			name = Release;
		};
/* End XCBuildConfiguration section */

/* Begin XCConfigurationList section */
		FAA41078247EAAA30039C4D9 /* Build configuration list for PBXProject "CinemaApp" */ = {
			isa = XCConfigurationList;
			buildConfigurations = (
				FAA4108F247EAAA40039C4D9 /* Debug */,
				FAA41090247EAAA40039C4D9 /* Release */,
			);
			defaultConfigurationIsVisible = 0;
			defaultConfigurationName = Release;
		};
		FAA41091247EAAA40039C4D9 /* Build configuration list for PBXNativeTarget "CinemaApp" */ = {
			isa = XCConfigurationList;
			buildConfigurations = (
				FAA41092247EAAA40039C4D9 /* Debug */,
				FAA41093247EAAA40039C4D9 /* Release */,
			);
			defaultConfigurationIsVisible = 0;
			defaultConfigurationName = Release;
		};
/* End XCConfigurationList section */
	};
	rootObject = FAA41075247EAAA30039C4D9 /* Project object */;
}
